
Microsoft Visual Studio Solution File, Format Version 12.00
# Visual Studio Version 16
VisualStudioVersion = 16.0.31702.278
MinimumVisualStudioVersion = 10.0.40219.1
Project("{FAE04EC0-301F-11D3-BF4B-00C04F79EFBC}") = "my-books-workout", "my-books-workout\my-books-workout.csproj", "{F2ABF07E-C592-4951-972B-B760137F4448}"
EndProject
Global
	GlobalSection(SolutionConfigurationPlatforms) = preSolution
		Debug|Any CPU = Debug|Any CPU
		Release|Any CPU = Release|Any CPU
	EndGlobalSection
	GlobalSection(ProjectConfigurationPlatforms) = postSolution
		{F2ABF07E-C592-4951-972B-B760137F4448}.Debug|Any CPU.ActiveCfg = Debug|Any CPU
		{F2ABF07E-C592-4951-972B-B760137F4448}.Debug|Any CPU.Build.0 = Debug|Any CPU
		{F2ABF07E-C592-4951-972B-B760137F4448}.Release|Any CPU.ActiveCfg = Release|Any CPU
		{F2ABF07E-C592-4951-972B-B760137F4448}.Release|Any CPU.Build.0 = Release|Any CPU
	EndGlobalSection
	GlobalSection(SolutionProperties) = preSolution
		HideSolutionNode = FALSE
	EndGlobalSection
	GlobalSection(ExtensibilityGlobals) = postSolution
		SolutionGuid = {6BEC486A-1629-4ED3-89C0-B66CA616FE9D}
	EndGlobalSection
EndGlobal
